
Microsoft Visual Studio Solution File, Format Version 12.00
# Visual Studio Version 16
VisualStudioVersion = 16.0.31829.152
MinimumVisualStudioVersion = 10.0.40219.1
Project("{FAE04EC0-301F-11D3-BF4B-00C04F79EFBC}") = "L07", "L07.csproj", "{C6FAC3C8-BFE3-4D84-AF5E-E3D886A4AE28}"
EndProject
Global
	GlobalSection(SolutionConfigurationPlatforms) = preSolution
		Debug|Any CPU = Debug|Any CPU
		Release|Any CPU = Release|Any CPU
	EndGlobalSection
	GlobalSection(ProjectConfigurationPlatforms) = postSolution
		{C6FAC3C8-BFE3-4D84-AF5E-E3D886A4AE28}.Debug|Any CPU.ActiveCfg = Debug|Any CPU
		{C6FAC3C8-BFE3-4D84-AF5E-E3D886A4AE28}.Debug|Any CPU.Build.0 = Debug|Any CPU
		{C6FAC3C8-BFE3-4D84-AF5E-E3D886A4AE28}.Release|Any CPU.ActiveCfg = Release|Any CPU
		{C6FAC3C8-BFE3-4D84-AF5E-E3D886A4AE28}.Release|Any CPU.Build.0 = Release|Any CPU
	EndGlobalSection
	GlobalSection(SolutionProperties) = preSolution
		HideSolutionNode = FALSE
	EndGlobalSection
	GlobalSection(ExtensibilityGlobals) = postSolution
		SolutionGuid = {730C6493-08B4-405F-B718-47CF86CC5C24}
	EndGlobalSection
EndGlobal
