
Microsoft Visual Studio Solution File, Format Version 12.00
# Visual Studio Version 16
VisualStudioVersion = 16.0.31829.152
MinimumVisualStudioVersion = 10.0.40219.1
Project("{FAE04EC0-301F-11D3-BF4B-00C04F79EFBC}") = "L04", "L04.csproj", "{17B31BCB-7816-4B9E-8A0C-F1EFE07A201B}"
EndProject
Global
	GlobalSection(SolutionConfigurationPlatforms) = preSolution
		Debug|Any CPU = Debug|Any CPU
		Release|Any CPU = Release|Any CPU
	EndGlobalSection
	GlobalSection(ProjectConfigurationPlatforms) = postSolution
		{17B31BCB-7816-4B9E-8A0C-F1EFE07A201B}.Debug|Any CPU.ActiveCfg = Debug|Any CPU
		{17B31BCB-7816-4B9E-8A0C-F1EFE07A201B}.Debug|Any CPU.Build.0 = Debug|Any CPU
		{17B31BCB-7816-4B9E-8A0C-F1EFE07A201B}.Release|Any CPU.ActiveCfg = Release|Any CPU
		{17B31BCB-7816-4B9E-8A0C-F1EFE07A201B}.Release|Any CPU.Build.0 = Release|Any CPU
	EndGlobalSection
	GlobalSection(SolutionProperties) = preSolution
		HideSolutionNode = FALSE
	EndGlobalSection
	GlobalSection(ExtensibilityGlobals) = postSolution
		SolutionGuid = {CF5681F6-91F1-4825-AA58-7EF22D261C4E}
	EndGlobalSection
EndGlobal
