
Microsoft Visual Studio Solution File, Format Version 12.00
# Visual Studio Version 16
VisualStudioVersion = 16.0.31829.152
MinimumVisualStudioVersion = 10.0.40219.1
Project("{8BC9CEB8-8B4A-11D0-8D11-00A0C91BC942}") = "Rucode", "Rucode.vcxproj", "{48BAA5C1-94B7-4FA1-9C59-486A38F95FF0}"
EndProject
Global
	GlobalSection(SolutionConfigurationPlatforms) = preSolution
		Debug|x64 = Debug|x64
		Debug|x86 = Debug|x86
		Release|x64 = Release|x64
		Release|x86 = Release|x86
	EndGlobalSection
	GlobalSection(ProjectConfigurationPlatforms) = postSolution
		{48BAA5C1-94B7-4FA1-9C59-486A38F95FF0}.Debug|x64.ActiveCfg = Debug|x64
		{48BAA5C1-94B7-4FA1-9C59-486A38F95FF0}.Debug|x64.Build.0 = Debug|x64
		{48BAA5C1-94B7-4FA1-9C59-486A38F95FF0}.Debug|x86.ActiveCfg = Debug|Win32
		{48BAA5C1-94B7-4FA1-9C59-486A38F95FF0}.Debug|x86.Build.0 = Debug|Win32
		{48BAA5C1-94B7-4FA1-9C59-486A38F95FF0}.Release|x64.ActiveCfg = Release|x64
		{48BAA5C1-94B7-4FA1-9C59-486A38F95FF0}.Release|x64.Build.0 = Release|x64
		{48BAA5C1-94B7-4FA1-9C59-486A38F95FF0}.Release|x86.ActiveCfg = Release|Win32
		{48BAA5C1-94B7-4FA1-9C59-486A38F95FF0}.Release|x86.Build.0 = Release|Win32
	EndGlobalSection
	GlobalSection(SolutionProperties) = preSolution
		HideSolutionNode = FALSE
	EndGlobalSection
	GlobalSection(ExtensibilityGlobals) = postSolution
		SolutionGuid = {94AD73F9-B453-4B52-AF1C-87DCCC7CAFB8}
	EndGlobalSection
EndGlobal
