
Microsoft Visual Studio Solution File, Format Version 12.00
# Visual Studio Version 16
VisualStudioVersion = 16.0.31829.152
MinimumVisualStudioVersion = 10.0.40219.1
Project("{FAE04EC0-301F-11D3-BF4B-00C04F79EFBC}") = "L06", "L06.csproj", "{FE782F62-9BFB-492D-A124-511E3E9F5F2D}"
EndProject
Global
	GlobalSection(SolutionConfigurationPlatforms) = preSolution
		Debug|Any CPU = Debug|Any CPU
		Release|Any CPU = Release|Any CPU
	EndGlobalSection
	GlobalSection(ProjectConfigurationPlatforms) = postSolution
		{FE782F62-9BFB-492D-A124-511E3E9F5F2D}.Debug|Any CPU.ActiveCfg = Debug|Any CPU
		{FE782F62-9BFB-492D-A124-511E3E9F5F2D}.Debug|Any CPU.Build.0 = Debug|Any CPU
		{FE782F62-9BFB-492D-A124-511E3E9F5F2D}.Release|Any CPU.ActiveCfg = Release|Any CPU
		{FE782F62-9BFB-492D-A124-511E3E9F5F2D}.Release|Any CPU.Build.0 = Release|Any CPU
	EndGlobalSection
	GlobalSection(SolutionProperties) = preSolution
		HideSolutionNode = FALSE
	EndGlobalSection
	GlobalSection(ExtensibilityGlobals) = postSolution
		SolutionGuid = {49AB4609-6907-4CAF-ACAD-BF682C4FA537}
	EndGlobalSection
EndGlobal
