
Microsoft Visual Studio Solution File, Format Version 12.00
# Visual Studio Version 16
VisualStudioVersion = 16.0.31624.102
MinimumVisualStudioVersion = 10.0.40219.1
Project("{FAE04EC0-301F-11D3-BF4B-00C04F79EFBC}") = "Z07_264", "Z07_264.csproj", "{007FA0FD-99B2-40EB-9D2F-AE995B80620A}"
EndProject
Global
	GlobalSection(SolutionConfigurationPlatforms) = preSolution
		Debug|Any CPU = Debug|Any CPU
		Release|Any CPU = Release|Any CPU
	EndGlobalSection
	GlobalSection(ProjectConfigurationPlatforms) = postSolution
		{007FA0FD-99B2-40EB-9D2F-AE995B80620A}.Debug|Any CPU.ActiveCfg = Debug|Any CPU
		{007FA0FD-99B2-40EB-9D2F-AE995B80620A}.Debug|Any CPU.Build.0 = Debug|Any CPU
		{007FA0FD-99B2-40EB-9D2F-AE995B80620A}.Release|Any CPU.ActiveCfg = Release|Any CPU
		{007FA0FD-99B2-40EB-9D2F-AE995B80620A}.Release|Any CPU.Build.0 = Release|Any CPU
	EndGlobalSection
	GlobalSection(SolutionProperties) = preSolution
		HideSolutionNode = FALSE
	EndGlobalSection
	GlobalSection(ExtensibilityGlobals) = postSolution
		SolutionGuid = {8B9064F2-8AA0-49CF-B11A-DF66A3CB0A6A}
	EndGlobalSection
EndGlobal
