
Microsoft Visual Studio Solution File, Format Version 12.00
# Visual Studio Version 17
VisualStudioVersion = 17.1.32228.430
MinimumVisualStudioVersion = 10.0.40219.1
Project("{FAE04EC0-301F-11D3-BF4B-00C04F79EFBC}") = "L11", "L11\L11.csproj", "{F864BE60-8A34-447E-A5DF-9075704C84DD}"
EndProject
Global
	GlobalSection(SolutionConfigurationPlatforms) = preSolution
		Debug|Any CPU = Debug|Any CPU
		Release|Any CPU = Release|Any CPU
	EndGlobalSection
	GlobalSection(ProjectConfigurationPlatforms) = postSolution
		{F864BE60-8A34-447E-A5DF-9075704C84DD}.Debug|Any CPU.ActiveCfg = Debug|Any CPU
		{F864BE60-8A34-447E-A5DF-9075704C84DD}.Debug|Any CPU.Build.0 = Debug|Any CPU
		{F864BE60-8A34-447E-A5DF-9075704C84DD}.Release|Any CPU.ActiveCfg = Release|Any CPU
		{F864BE60-8A34-447E-A5DF-9075704C84DD}.Release|Any CPU.Build.0 = Release|Any CPU
	EndGlobalSection
	GlobalSection(SolutionProperties) = preSolution
		HideSolutionNode = FALSE
	EndGlobalSection
	GlobalSection(ExtensibilityGlobals) = postSolution
		SolutionGuid = {5327CD9C-95C2-435B-BC67-155C534C744F}
	EndGlobalSection
EndGlobal
